
Microsoft Visual Studio Solution File, Format Version 12.00
# Visual Studio Version 17
VisualStudioVersion = 17.5.002.0
MinimumVisualStudioVersion = 10.0.40219.1
Project("{2150E333-8FDC-42A3-9474-1A3956D46DE8}") = "C-Sharp", "C-Sharp", "{FBF92B86-3036-48FB-9C8C-7E6396AF41F2}"
EndProject
Project("{9A19103F-16F7-4668-BE54-9A1E7A4F7556}") = "Array-Int", "C-Sharp\Array-Int\Array-Int.csproj", "{EF6C9018-DFE4-47D2-8A23-CAE1DC117079}"
EndProject
Project("{9A19103F-16F7-4668-BE54-9A1E7A4F7556}") = "Array-Length", "C-Sharp\Array-Length\Array-Length.csproj", "{3C0801B1-0ABD-4C86-901D-88F3ACDE9DC1}"
EndProject
Project("{9A19103F-16F7-4668-BE54-9A1E7A4F7556}") = "Array-String", "C-Sharp\Array-String\Array-String.csproj", "{23E32CF7-6A45-495C-BA8B-904F5A0BE34F}"
EndProject
Project("{9A19103F-16F7-4668-BE54-9A1E7A4F7556}") = "Condizioni", "C-Sharp\Condizioni\Condizioni.csproj", "{148C2D0D-EC17-4035-8D28-D5B1ABFD0161}"
EndProject
Project("{9A19103F-16F7-4668-BE54-9A1E7A4F7556}") = "CSV-Lettura-JSON-Scrittura", "C-Sharp\CSV-Lettura-JSON-Scrittura\CSV-Lettura-JSON-Scrittura.csproj", "{3BE69CCA-A91A-4794-A6A0-4A1B00DA1C18}"
EndProject
Project("{9A19103F-16F7-4668-BE54-9A1E7A4F7556}") = "CSV-Lista-Nomi", "C-Sharp\CSV-Lista-Nomi\CSV-Lista-Nomi.csproj", "{622C7247-F438-460E-9AA0-3D5408E38B4D}"
EndProject
Project("{9A19103F-16F7-4668-BE54-9A1E7A4F7556}") = "CSV-Lista-Nomi-Inserimento", "C-Sharp\CSV-Lista-Nomi-Inserimento\CSV-Lista-Nomi-Inserimento.csproj", "{756A2DF1-DD82-4883-936B-81364E2B9BE7}"
EndProject
Project("{9A19103F-16F7-4668-BE54-9A1E7A4F7556}") = "Data-e-Ora", "C-Sharp\Data-e-Ora\Data-e-Ora.csproj", "{86E19BBA-7771-479D-A965-980AD374DB6E}"
EndProject
Project("{9A19103F-16F7-4668-BE54-9A1E7A4F7556}") = "Dizionario-dei-Colori", "C-Sharp\Dizionario-dei-Colori\Dizionario-dei-Colori.csproj", "{6B4FDD3D-51C3-453C-B0D8-A2B68FEDD801}"
EndProject
Project("{9A19103F-16F7-4668-BE54-9A1E7A4F7556}") = "Do-While", "C-Sharp\Do-While\Do-While.csproj", "{8AEA0328-FB27-4ACA-804A-3CC4527645A3}"
EndProject
Project("{9A19103F-16F7-4668-BE54-9A1E7A4F7556}") = "For", "C-Sharp\For\For.csproj", "{62C4D906-AFFD-4878-87A1-ADEC59D3618D}"
EndProject
Project("{9A19103F-16F7-4668-BE54-9A1E7A4F7556}") = "Foreach", "C-Sharp\Foreach\Foreach.csproj", "{AEC10020-2CC9-451A-B706-7C3E4B01F8DB}"
EndProject
Project("{9A19103F-16F7-4668-BE54-9A1E7A4F7556}") = "Funzioni", "C-Sharp\Funzioni\Funzioni.csproj", "{56836A49-2C67-41E5-99AF-3421564CD52B}"
EndProject
Project("{9A19103F-16F7-4668-BE54-9A1E7A4F7556}") = "Funzioni-Lista-Partecipanti", "C-Sharp\Funzioni-Lista-Partecipanti\Funzioni-Lista-Partecipanti.csproj", "{BD352EE8-6B4E-44C0-920E-06EA257A5B2F}"
EndProject
Project("{9A19103F-16F7-4668-BE54-9A1E7A4F7556}") = "Funzioni-Spectre-Lista-Partecipanti", "C-Sharp\Funzioni-Spectre-Lista-Partecipanti\Funzioni-Spectre-Lista-Partecipanti.csproj", "{7BF7514E-BC73-4DF1-B70A-4837A59EF94B}"
EndProject
Project("{9A19103F-16F7-4668-BE54-9A1E7A4F7556}") = "Gestione-Eccezioni", "C-Sharp\Gestione-Eccezioni\Gestione-Eccezioni.csproj", "{88AAB4DC-269C-43E6-89A0-0C8BE3DA9607}"
EndProject
Project("{9A19103F-16F7-4668-BE54-9A1E7A4F7556}") = "JSON-Creazione-con-Interfaccia", "C-Sharp\JSON-Creazione-con-Interfaccia\JSON-Creazione-con-Interfaccia.csproj", "{766DC6D7-025F-4AF9-A0F4-A0D660C2EFFB}"
EndProject
Project("{9A19103F-16F7-4668-BE54-9A1E7A4F7556}") = "JSON-Gestionale", "C-Sharp\JSON-Gestionale\JSON-Gestionale.csproj", "{1D62E58C-2B50-4A89-A8B6-7E5B717403F8}"
EndProject
Project("{9A19103F-16F7-4668-BE54-9A1E7A4F7556}") = "JSON-Lettura", "C-Sharp\JSON-Lettura\JSON-Lettura.csproj", "{0DD32500-263A-47B6-AC7F-BC928F1145EC}"
EndProject
Project("{9A19103F-16F7-4668-BE54-9A1E7A4F7556}") = "JSON-Lettura-CSV-Scrittura", "C-Sharp\JSON-Lettura-CSV-Scrittura\JSON-Lettura-CSV-Scrittura.csproj", "{AEBDE2D1-EB60-402E-BBE8-229E1FCED2C3}"
EndProject
Project("{9A19103F-16F7-4668-BE54-9A1E7A4F7556}") = "JSON-Lettura-Deserializzazione", "C-Sharp\JSON-Lettura-Deserializzazione\JSON-Lettura-Deserializzazione.csproj", "{2F0B9E64-5B56-4281-AE06-968263002A7E}"
EndProject
Project("{9A19103F-16F7-4668-BE54-9A1E7A4F7556}") = "JSON-Lettura-Deserializzazione-Multilivello", "C-Sharp\JSON-Lettura-Deserializzazione-Multilivello\JSON-Lettura-Deserializzazione-Multilivello.csproj", "{ED9FA1A4-8B33-4832-99D1-FB05C89597F2}"
EndProject
Project("{9A19103F-16F7-4668-BE54-9A1E7A4F7556}") = "Keyinfo", "C-Sharp\Keyinfo\Keyinfo.csproj", "{D30AF4E2-8C12-4B2C-8B1A-0C5110E7730B}"
EndProject
Project("{9A19103F-16F7-4668-BE54-9A1E7A4F7556}") = "List-Count", "C-Sharp\List-Count\List-Count.csproj", "{EA526F22-34DF-48CD-BB18-BFDD249380FE}"
EndProject
Project("{9A19103F-16F7-4668-BE54-9A1E7A4F7556}") = "List-Int", "C-Sharp\List-Int\List-Int.csproj", "{341FC6AE-38EB-41FD-A71D-122939825F7D}"
EndProject
Project("{9A19103F-16F7-4668-BE54-9A1E7A4F7556}") = "List-String", "C-Sharp\List-String\List-String.csproj", "{BFEA1087-8EFD-4DD0-BB0E-715A63C75316}"
EndProject
Project("{9A19103F-16F7-4668-BE54-9A1E7A4F7556}") = "Lista-della-Spesa", "C-Sharp\Lista-della-Spesa\Lista-della-Spesa.csproj", "{5D4BF852-D3DF-4484-8E69-887F36C3B272}"
EndProject
Project("{9A19103F-16F7-4668-BE54-9A1E7A4F7556}") = "Math", "C-Sharp\Math\Math.csproj", "{84E60C30-933F-4555-A749-5BA91EF156FD}"
EndProject
Project("{9A19103F-16F7-4668-BE54-9A1E7A4F7556}") = "Menu-Sottomenu", "C-Sharp\Menu-Sottomenu\Menu-Sottomenu.csproj", "{0B7A81DE-38E4-4097-B5C0-872E80424CBB}"
EndProject
Project("{9A19103F-16F7-4668-BE54-9A1E7A4F7556}") = "Metodo-Random", "C-Sharp\Metodo-Random\Metodo-Random.csproj", "{FB10ACBC-420A-4CEA-A8C7-CFF254B4B154}"
EndProject
Project("{9A19103F-16F7-4668-BE54-9A1E7A4F7556}") = "Operatori", "C-Sharp\Operatori\Operatori.csproj", "{4492697B-E310-457B-9101-E13A6FD0D76D}"
EndProject
Project("{9A19103F-16F7-4668-BE54-9A1E7A4F7556}") = "Registro-Presenze", "C-Sharp\Registro-Presenze\Registro-Presenze.csproj", "{4B5EC6E5-5119-4FA0-AD46-790AD5F1B9A3}"
EndProject
Project("{9A19103F-16F7-4668-BE54-9A1E7A4F7556}") = "Registro-Voti", "C-Sharp\Registro-Voti\Registro-Voti.csproj", "{72DD6FAE-AA49-4AD5-8A14-09B991C91E8E}"
EndProject
Project("{9A19103F-16F7-4668-BE54-9A1E7A4F7556}") = "Sorteggio-Array", "C-Sharp\Sorteggio-Array\Sorteggio-Array.csproj", "{96F5D986-CE0B-4155-ADDA-40A13AF05CA8}"
EndProject
Project("{9A19103F-16F7-4668-BE54-9A1E7A4F7556}") = "Sorteggio-Lista", "C-Sharp\Sorteggio-Lista\Sorteggio-Lista.csproj", "{5BFE92B4-1727-4534-B112-62D73A704F09}"
EndProject
Project("{9A19103F-16F7-4668-BE54-9A1E7A4F7556}") = "SpectreConsole", "C-Sharp\SpectreConsole\SpectreConsole.csproj", "{276F1988-1FE6-4979-9B8B-C5066C0AE5DC}"
EndProject
Project("{9A19103F-16F7-4668-BE54-9A1E7A4F7556}") = "Tipi-di-Dati", "C-Sharp\Tipi-di-Dati\Tipi-di-Dati.csproj", "{C0B9BFAA-FD3C-4518-808A-E418D69B6418}"
EndProject
Project("{9A19103F-16F7-4668-BE54-9A1E7A4F7556}") = "TXT-Array-Dati", "C-Sharp\TXT-Array-Dati\TXT-Array-Dati.csproj", "{BD5DC63E-24D4-46FB-AD58-4113C33E17AD}"
EndProject
Project("{9A19103F-16F7-4668-BE54-9A1E7A4F7556}") = "TXT-Array-Selezione", "C-Sharp\TXT-Array-Selezione\TXT-Array-Selezione.csproj", "{AF3F86A4-3C31-4AB1-ADEE-C65059E52337}"
EndProject
Project("{9A19103F-16F7-4668-BE54-9A1E7A4F7556}") = "TXT-Lettura", "C-Sharp\TXT-Lettura\TXT-Lettura.csproj", "{2A6D3E89-6720-4D20-9695-A2907B2D565F}"
EndProject
Project("{9A19103F-16F7-4668-BE54-9A1E7A4F7556}") = "TXT-Modifica", "C-Sharp\TXT-Modifica\TXT-Modifica.csproj", "{48182338-2F1E-4805-B922-17265AA0F295}"
EndProject
Project("{9A19103F-16F7-4668-BE54-9A1E7A4F7556}") = "TXT-Scrittura", "C-Sharp\TXT-Scrittura\TXT-Scrittura.csproj", "{136CB07E-DC75-4A3E-91CD-6BEC2A135B4D}"
EndProject
Project("{9A19103F-16F7-4668-BE54-9A1E7A4F7556}") = "TXT-Scrittura-Condizionale", "C-Sharp\TXT-Scrittura-Condizionale\TXT-Scrittura-Condizionale.csproj", "{0921E48A-A71E-4BAF-8E45-ED0A5B2F4BD2}"
EndProject
Project("{9A19103F-16F7-4668-BE54-9A1E7A4F7556}") = "TXT-Sorteggio", "C-Sharp\TXT-Sorteggio\TXT-Sorteggio.csproj", "{7CF81F11-8E13-4BC6-8960-9EE29E4ACA78}"
EndProject
Project("{9A19103F-16F7-4668-BE54-9A1E7A4F7556}") = "TXT-Sorteggio-Lettura-Scrittura", "C-Sharp\TXT-Sorteggio-Lettura-Scrittura\TXT-Sorteggio-Lettura-Scrittura.csproj", "{0BDE8221-486A-4EDC-B33B-F814752CD0C3}"
EndProject
Project("{9A19103F-16F7-4668-BE54-9A1E7A4F7556}") = "TXT-Sostituisci-Riga", "C-Sharp\TXT-Sostituisci-Riga\TXT-Sostituisci-Riga.csproj", "{8320D16E-0173-4868-B60D-94B93AD3DBA0}"
EndProject
Project("{9A19103F-16F7-4668-BE54-9A1E7A4F7556}") = "Var", "C-Sharp\Var\Var.csproj", "{1D06B650-99E2-4160-A245-4DBCCCDDEA9E}"
EndProject
Project("{9A19103F-16F7-4668-BE54-9A1E7A4F7556}") = "While", "C-Sharp\While\While.csproj", "{68327004-CB90-4681-90BC-91FAEC025BD8}"
EndProject
Project("{2150E333-8FDC-42A3-9474-1A3956D46DE8}") = "Assignment", "Assignment", "{0479060C-B9BE-4320-89BC-7F14A1B5AB73}"
EndProject
Project("{9A19103F-16F7-4668-BE54-9A1E7A4F7556}") = "App-Nome-Codice", "C-Sharp\Assignment\App-Nome-Codice\App-Nome-Codice.csproj", "{73AE5862-580F-4B03-80E6-F9927570323B}"
EndProject
Project("{9A19103F-16F7-4668-BE54-9A1E7A4F7556}") = "Calcolatrice", "C-Sharp\Assignment\Calcolatrice\Calcolatrice.csproj", "{8FA4D880-D0D8-4103-AE54-459D675E7683}"
EndProject
Project("{9A19103F-16F7-4668-BE54-9A1E7A4F7556}") = "Fizz-Buzz", "C-Sharp\Assignment\Fizz-Buzz\Fizz-Buzz.csproj", "{56A53258-CE67-467F-8A18-02BF95660F47}"
EndProject
Project("{9A19103F-16F7-4668-BE54-9A1E7A4F7556}") = "Fizz-Buzz-Lista", "C-Sharp\Assignment\Fizz-Buzz-Lista\Fizz-Buzz-Lista.csproj", "{126E5E5A-E757-438B-A9BA-CED7CF12117C}"
EndProject
Project("{9A19103F-16F7-4668-BE54-9A1E7A4F7556}") = "Gioco-Dadi-Spectre", "C-Sharp\Assignment\Gioco-Dadi-Spectre\Gioco-Dadi-Spectre.csproj", "{34323593-81FF-4E42-BF28-827ADC99D090}"
EndProject
Project("{9A19103F-16F7-4668-BE54-9A1E7A4F7556}") = "Gioco-di-Dadi", "C-Sharp\Assignment\Gioco-di-Dadi\Gioco-di-Dadi.csproj", "{5BEF6228-4AB5-4D4D-8647-19C8B4EEA69D}"
EndProject
Project("{9A19103F-16F7-4668-BE54-9A1E7A4F7556}") = "Indovina-Numero", "C-Sharp\Assignment\Indovina-Numero\Indovina-Numero.csproj", "{4378D09C-3C1F-4C85-AE5E-ACA02FB5F35E}"
EndProject
Project("{9A19103F-16F7-4668-BE54-9A1E7A4F7556}") = "Indovina-Pari-Dispari", "C-Sharp\Assignment\Indovina-Pari-Dispari\Indovina-Pari-Dispari.csproj", "{3DE5203D-B3DE-4EB6-BFD8-443EE3500143}"
EndProject
Project("{9A19103F-16F7-4668-BE54-9A1E7A4F7556}") = "Partecipanti-Lista", "C-Sharp\Assignment\Partecipanti-Lista\Partecipanti-Lista.csproj", "{BEE27C21-706C-4E6B-B5EE-1354B507A78F}"
EndProject
Project("{9A19103F-16F7-4668-BE54-9A1E7A4F7556}") = "PC-Indovina-Numero", "C-Sharp\Assignment\PC-Indovina-Numero\PC-Indovina-Numero.csproj", "{AC55FE17-E6A1-4234-9362-58140D4C1E28}"
EndProject
Project("{9A19103F-16F7-4668-BE54-9A1E7A4F7556}") = "PC-Indovina-Numero-Binario", "C-Sharp\Assignment\PC-Indovina-Numero-Binario\PC-Indovina-Numero-Binario.csproj", "{7745E389-3A26-4142-A747-AF955F741B76}"
EndProject
Project("{9A19103F-16F7-4668-BE54-9A1E7A4F7556}") = "PC-Indovina-Numero-Binario-Random", "C-Sharp\Assignment\PC-Indovina-Numero-Binario-Random\PC-Indovina-Numero-Binario-Random.csproj", "{CDC00E12-6523-48D2-8BAE-9D12093B5814}"
EndProject
Project("{9A19103F-16F7-4668-BE54-9A1E7A4F7556}") = "PC-Indovina-Numero-Corretto", "C-Sharp\Assignment\PC-Indovina-Numero-Corretto\PC-Indovina-Numero-Corretto.csproj", "{15488B72-544E-4553-A6B8-442ECF01DDB7}"
EndProject
Project("{9A19103F-16F7-4668-BE54-9A1E7A4F7556}") = "Sorteggio-Dadi", "C-Sharp\Assignment\Sorteggio-Dadi\Sorteggio-Dadi.csproj", "{86E7EFBE-B58F-46B1-861D-E545E567437F}"
EndProject
Project("{9A19103F-16F7-4668-BE54-9A1E7A4F7556}") = "Sorteggio-Partecipanti-Persistenza", "C-Sharp\Assignment\Sorteggio-Partecipanti-Persistenza\Sorteggio-Partecipanti-Persistenza.csproj", "{ECEAE55D-945E-4661-A8E3-919F83402D2C}"
EndProject
Project("{9A19103F-16F7-4668-BE54-9A1E7A4F7556}") = "Spectre-App", "C-Sharp\Assignment\Spectre-App\Spectre-App.csproj", "{5475F688-74A5-41E7-9A4E-B526D80903E3}"
EndProject
Project("{9A19103F-16F7-4668-BE54-9A1E7A4F7556}") = "Spectre-Persistenza", "C-Sharp\Assignment\Spectre-Persistenza\Spectre-Persistenza.csproj", "{68C76283-1020-40CE-8C76-B249E05A7391}"
EndProject
Project("{9A19103F-16F7-4668-BE54-9A1E7A4F7556}") = "Struttura-Array-List", "C-Sharp\Assignment\Struttura-Array-List\Struttura-Array-List.csproj", "{00A05CD1-7BBD-4139-8921-B39EA315EB44}"
EndProject
Project("{9A19103F-16F7-4668-BE54-9A1E7A4F7556}") = "Switch-Settimana", "C-Sharp\Assignment\Switch-Settimana\Switch-Settimana.csproj", "{59EBD840-5E43-4400-AAAC-C8F3F16ADA75}"
EndProject
Project("{9A19103F-16F7-4668-BE54-9A1E7A4F7556}") = "Tipi-di-Dati-ed-Operatori", "C-Sharp\Assignment\Tipi-di-Dati-ed-Operatori\Tipi-di-Dati-ed-Operatori.csproj", "{F19142A5-8A1F-41F6-A88E-917C1E2AA793}"
EndProject
Project("{9A19103F-16F7-4668-BE54-9A1E7A4F7556}") = "TXT", "C-Sharp\Assignment\TXT\TXT.csproj", "{BDA4709D-6085-44D6-AC62-90D75C1C3E24}"
EndProject
Project("{9A19103F-16F7-4668-BE54-9A1E7A4F7556}") = "Yahtzee", "C-Sharp\Assignment\Yahtzee\Yahtzee.csproj", "{47B68579-AEA4-4EE5-8A21-7DE4C2E40296}"
EndProject
Project("{2150E333-8FDC-42A3-9474-1A3956D46DE8}") = "Spectre-Persistenza (1)", "Spectre-Persistenza", "{B29F7502-876E-47F9-88DC-A56881E8EAAA}"
EndProject
Project("{9A19103F-16F7-4668-BE54-9A1E7A4F7556}") = "TXT", "C-Sharp\Assignment\Spectre-Persistenza\TXT\TXT.csproj", "{D25B2A7A-FC6E-4736-AB1D-4C65465E670B}"
EndProject
Project("{2150E333-8FDC-42A3-9474-1A3956D46DE8}") = "SQL", "SQL", "{6929DDA5-7C7E-4422-AC71-4BD233CC2DC2}"
EndProject
Project("{FAE04EC0-301F-11D3-BF4B-00C04F79EFBC}") = "C-sharp", "SQL\C-sharp\C-sharp.csproj", "{106ED5B3-3B2D-4358-824B-C655B0C06EF7}"
EndProject
Project("{FAE04EC0-301F-11D3-BF4B-00C04F79EFBC}") = "Esercizio-2", "SQL\Esercizio-2\Esercizio-2.csproj", "{B434A916-2F16-4666-984F-6EBD007D3396}"
EndProject
Global
	GlobalSection(SolutionConfigurationPlatforms) = preSolution
		Debug|Any CPU = Debug|Any CPU
		Release|Any CPU = Release|Any CPU
	EndGlobalSection
	GlobalSection(ProjectConfigurationPlatforms) = postSolution
		{EF6C9018-DFE4-47D2-8A23-CAE1DC117079}.Debug|Any CPU.ActiveCfg = Debug|Any CPU
		{EF6C9018-DFE4-47D2-8A23-CAE1DC117079}.Debug|Any CPU.Build.0 = Debug|Any CPU
		{EF6C9018-DFE4-47D2-8A23-CAE1DC117079}.Release|Any CPU.ActiveCfg = Release|Any CPU
		{EF6C9018-DFE4-47D2-8A23-CAE1DC117079}.Release|Any CPU.Build.0 = Release|Any CPU
		{3C0801B1-0ABD-4C86-901D-88F3ACDE9DC1}.Debug|Any CPU.ActiveCfg = Debug|Any CPU
		{3C0801B1-0ABD-4C86-901D-88F3ACDE9DC1}.Debug|Any CPU.Build.0 = Debug|Any CPU
		{3C0801B1-0ABD-4C86-901D-88F3ACDE9DC1}.Release|Any CPU.ActiveCfg = Release|Any CPU
		{3C0801B1-0ABD-4C86-901D-88F3ACDE9DC1}.Release|Any CPU.Build.0 = Release|Any CPU
		{23E32CF7-6A45-495C-BA8B-904F5A0BE34F}.Debug|Any CPU.ActiveCfg = Debug|Any CPU
		{23E32CF7-6A45-495C-BA8B-904F5A0BE34F}.Debug|Any CPU.Build.0 = Debug|Any CPU
		{23E32CF7-6A45-495C-BA8B-904F5A0BE34F}.Release|Any CPU.ActiveCfg = Release|Any CPU
		{23E32CF7-6A45-495C-BA8B-904F5A0BE34F}.Release|Any CPU.Build.0 = Release|Any CPU
		{148C2D0D-EC17-4035-8D28-D5B1ABFD0161}.Debug|Any CPU.ActiveCfg = Debug|Any CPU
		{148C2D0D-EC17-4035-8D28-D5B1ABFD0161}.Debug|Any CPU.Build.0 = Debug|Any CPU
		{148C2D0D-EC17-4035-8D28-D5B1ABFD0161}.Release|Any CPU.ActiveCfg = Release|Any CPU
		{148C2D0D-EC17-4035-8D28-D5B1ABFD0161}.Release|Any CPU.Build.0 = Release|Any CPU
		{3BE69CCA-A91A-4794-A6A0-4A1B00DA1C18}.Debug|Any CPU.ActiveCfg = Debug|Any CPU
		{3BE69CCA-A91A-4794-A6A0-4A1B00DA1C18}.Debug|Any CPU.Build.0 = Debug|Any CPU
		{3BE69CCA-A91A-4794-A6A0-4A1B00DA1C18}.Release|Any CPU.ActiveCfg = Release|Any CPU
		{3BE69CCA-A91A-4794-A6A0-4A1B00DA1C18}.Release|Any CPU.Build.0 = Release|Any CPU
		{622C7247-F438-460E-9AA0-3D5408E38B4D}.Debug|Any CPU.ActiveCfg = Debug|Any CPU
		{622C7247-F438-460E-9AA0-3D5408E38B4D}.Debug|Any CPU.Build.0 = Debug|Any CPU
		{622C7247-F438-460E-9AA0-3D5408E38B4D}.Release|Any CPU.ActiveCfg = Release|Any CPU
		{622C7247-F438-460E-9AA0-3D5408E38B4D}.Release|Any CPU.Build.0 = Release|Any CPU
		{756A2DF1-DD82-4883-936B-81364E2B9BE7}.Debug|Any CPU.ActiveCfg = Debug|Any CPU
		{756A2DF1-DD82-4883-936B-81364E2B9BE7}.Debug|Any CPU.Build.0 = Debug|Any CPU
		{756A2DF1-DD82-4883-936B-81364E2B9BE7}.Release|Any CPU.ActiveCfg = Release|Any CPU
		{756A2DF1-DD82-4883-936B-81364E2B9BE7}.Release|Any CPU.Build.0 = Release|Any CPU
		{86E19BBA-7771-479D-A965-980AD374DB6E}.Debug|Any CPU.ActiveCfg = Debug|Any CPU
		{86E19BBA-7771-479D-A965-980AD374DB6E}.Debug|Any CPU.Build.0 = Debug|Any CPU
		{86E19BBA-7771-479D-A965-980AD374DB6E}.Release|Any CPU.ActiveCfg = Release|Any CPU
		{86E19BBA-7771-479D-A965-980AD374DB6E}.Release|Any CPU.Build.0 = Release|Any CPU
		{6B4FDD3D-51C3-453C-B0D8-A2B68FEDD801}.Debug|Any CPU.ActiveCfg = Debug|Any CPU
		{6B4FDD3D-51C3-453C-B0D8-A2B68FEDD801}.Debug|Any CPU.Build.0 = Debug|Any CPU
		{6B4FDD3D-51C3-453C-B0D8-A2B68FEDD801}.Release|Any CPU.ActiveCfg = Release|Any CPU
		{6B4FDD3D-51C3-453C-B0D8-A2B68FEDD801}.Release|Any CPU.Build.0 = Release|Any CPU
		{8AEA0328-FB27-4ACA-804A-3CC4527645A3}.Debug|Any CPU.ActiveCfg = Debug|Any CPU
		{8AEA0328-FB27-4ACA-804A-3CC4527645A3}.Debug|Any CPU.Build.0 = Debug|Any CPU
		{8AEA0328-FB27-4ACA-804A-3CC4527645A3}.Release|Any CPU.ActiveCfg = Release|Any CPU
		{8AEA0328-FB27-4ACA-804A-3CC4527645A3}.Release|Any CPU.Build.0 = Release|Any CPU
		{62C4D906-AFFD-4878-87A1-ADEC59D3618D}.Debug|Any CPU.ActiveCfg = Debug|Any CPU
		{62C4D906-AFFD-4878-87A1-ADEC59D3618D}.Debug|Any CPU.Build.0 = Debug|Any CPU
		{62C4D906-AFFD-4878-87A1-ADEC59D3618D}.Release|Any CPU.ActiveCfg = Release|Any CPU
		{62C4D906-AFFD-4878-87A1-ADEC59D3618D}.Release|Any CPU.Build.0 = Release|Any CPU
		{AEC10020-2CC9-451A-B706-7C3E4B01F8DB}.Debug|Any CPU.ActiveCfg = Debug|Any CPU
		{AEC10020-2CC9-451A-B706-7C3E4B01F8DB}.Debug|Any CPU.Build.0 = Debug|Any CPU
		{AEC10020-2CC9-451A-B706-7C3E4B01F8DB}.Release|Any CPU.ActiveCfg = Release|Any CPU
		{AEC10020-2CC9-451A-B706-7C3E4B01F8DB}.Release|Any CPU.Build.0 = Release|Any CPU
		{56836A49-2C67-41E5-99AF-3421564CD52B}.Debug|Any CPU.ActiveCfg = Debug|Any CPU
		{56836A49-2C67-41E5-99AF-3421564CD52B}.Debug|Any CPU.Build.0 = Debug|Any CPU
		{56836A49-2C67-41E5-99AF-3421564CD52B}.Release|Any CPU.ActiveCfg = Release|Any CPU
		{56836A49-2C67-41E5-99AF-3421564CD52B}.Release|Any CPU.Build.0 = Release|Any CPU
		{BD352EE8-6B4E-44C0-920E-06EA257A5B2F}.Debug|Any CPU.ActiveCfg = Debug|Any CPU
		{BD352EE8-6B4E-44C0-920E-06EA257A5B2F}.Debug|Any CPU.Build.0 = Debug|Any CPU
		{BD352EE8-6B4E-44C0-920E-06EA257A5B2F}.Release|Any CPU.ActiveCfg = Release|Any CPU
		{BD352EE8-6B4E-44C0-920E-06EA257A5B2F}.Release|Any CPU.Build.0 = Release|Any CPU
		{7BF7514E-BC73-4DF1-B70A-4837A59EF94B}.Debug|Any CPU.ActiveCfg = Debug|Any CPU
		{7BF7514E-BC73-4DF1-B70A-4837A59EF94B}.Debug|Any CPU.Build.0 = Debug|Any CPU
		{7BF7514E-BC73-4DF1-B70A-4837A59EF94B}.Release|Any CPU.ActiveCfg = Release|Any CPU
		{7BF7514E-BC73-4DF1-B70A-4837A59EF94B}.Release|Any CPU.Build.0 = Release|Any CPU
		{88AAB4DC-269C-43E6-89A0-0C8BE3DA9607}.Debug|Any CPU.ActiveCfg = Debug|Any CPU
		{88AAB4DC-269C-43E6-89A0-0C8BE3DA9607}.Debug|Any CPU.Build.0 = Debug|Any CPU
		{88AAB4DC-269C-43E6-89A0-0C8BE3DA9607}.Release|Any CPU.ActiveCfg = Release|Any CPU
		{88AAB4DC-269C-43E6-89A0-0C8BE3DA9607}.Release|Any CPU.Build.0 = Release|Any CPU
		{766DC6D7-025F-4AF9-A0F4-A0D660C2EFFB}.Debug|Any CPU.ActiveCfg = Debug|Any CPU
		{766DC6D7-025F-4AF9-A0F4-A0D660C2EFFB}.Debug|Any CPU.Build.0 = Debug|Any CPU
		{766DC6D7-025F-4AF9-A0F4-A0D660C2EFFB}.Release|Any CPU.ActiveCfg = Release|Any CPU
		{766DC6D7-025F-4AF9-A0F4-A0D660C2EFFB}.Release|Any CPU.Build.0 = Release|Any CPU
		{1D62E58C-2B50-4A89-A8B6-7E5B717403F8}.Debug|Any CPU.ActiveCfg = Debug|Any CPU
		{1D62E58C-2B50-4A89-A8B6-7E5B717403F8}.Debug|Any CPU.Build.0 = Debug|Any CPU
		{1D62E58C-2B50-4A89-A8B6-7E5B717403F8}.Release|Any CPU.ActiveCfg = Release|Any CPU
		{1D62E58C-2B50-4A89-A8B6-7E5B717403F8}.Release|Any CPU.Build.0 = Release|Any CPU
		{0DD32500-263A-47B6-AC7F-BC928F1145EC}.Debug|Any CPU.ActiveCfg = Debug|Any CPU
		{0DD32500-263A-47B6-AC7F-BC928F1145EC}.Debug|Any CPU.Build.0 = Debug|Any CPU
		{0DD32500-263A-47B6-AC7F-BC928F1145EC}.Release|Any CPU.ActiveCfg = Release|Any CPU
		{0DD32500-263A-47B6-AC7F-BC928F1145EC}.Release|Any CPU.Build.0 = Release|Any CPU
		{AEBDE2D1-EB60-402E-BBE8-229E1FCED2C3}.Debug|Any CPU.ActiveCfg = Debug|Any CPU
		{AEBDE2D1-EB60-402E-BBE8-229E1FCED2C3}.Debug|Any CPU.Build.0 = Debug|Any CPU
		{AEBDE2D1-EB60-402E-BBE8-229E1FCED2C3}.Release|Any CPU.ActiveCfg = Release|Any CPU
		{AEBDE2D1-EB60-402E-BBE8-229E1FCED2C3}.Release|Any CPU.Build.0 = Release|Any CPU
		{2F0B9E64-5B56-4281-AE06-968263002A7E}.Debug|Any CPU.ActiveCfg = Debug|Any CPU
		{2F0B9E64-5B56-4281-AE06-968263002A7E}.Debug|Any CPU.Build.0 = Debug|Any CPU
		{2F0B9E64-5B56-4281-AE06-968263002A7E}.Release|Any CPU.ActiveCfg = Release|Any CPU
		{2F0B9E64-5B56-4281-AE06-968263002A7E}.Release|Any CPU.Build.0 = Release|Any CPU
		{ED9FA1A4-8B33-4832-99D1-FB05C89597F2}.Debug|Any CPU.ActiveCfg = Debug|Any CPU
		{ED9FA1A4-8B33-4832-99D1-FB05C89597F2}.Debug|Any CPU.Build.0 = Debug|Any CPU
		{ED9FA1A4-8B33-4832-99D1-FB05C89597F2}.Release|Any CPU.ActiveCfg = Release|Any CPU
		{ED9FA1A4-8B33-4832-99D1-FB05C89597F2}.Release|Any CPU.Build.0 = Release|Any CPU
		{D30AF4E2-8C12-4B2C-8B1A-0C5110E7730B}.Debug|Any CPU.ActiveCfg = Debug|Any CPU
		{D30AF4E2-8C12-4B2C-8B1A-0C5110E7730B}.Debug|Any CPU.Build.0 = Debug|Any CPU
		{D30AF4E2-8C12-4B2C-8B1A-0C5110E7730B}.Release|Any CPU.ActiveCfg = Release|Any CPU
		{D30AF4E2-8C12-4B2C-8B1A-0C5110E7730B}.Release|Any CPU.Build.0 = Release|Any CPU
		{EA526F22-34DF-48CD-BB18-BFDD249380FE}.Debug|Any CPU.ActiveCfg = Debug|Any CPU
		{EA526F22-34DF-48CD-BB18-BFDD249380FE}.Debug|Any CPU.Build.0 = Debug|Any CPU
		{EA526F22-34DF-48CD-BB18-BFDD249380FE}.Release|Any CPU.ActiveCfg = Release|Any CPU
		{EA526F22-34DF-48CD-BB18-BFDD249380FE}.Release|Any CPU.Build.0 = Release|Any CPU
		{341FC6AE-38EB-41FD-A71D-122939825F7D}.Debug|Any CPU.ActiveCfg = Debug|Any CPU
		{341FC6AE-38EB-41FD-A71D-122939825F7D}.Debug|Any CPU.Build.0 = Debug|Any CPU
		{341FC6AE-38EB-41FD-A71D-122939825F7D}.Release|Any CPU.ActiveCfg = Release|Any CPU
		{341FC6AE-38EB-41FD-A71D-122939825F7D}.Release|Any CPU.Build.0 = Release|Any CPU
		{BFEA1087-8EFD-4DD0-BB0E-715A63C75316}.Debug|Any CPU.ActiveCfg = Debug|Any CPU
		{BFEA1087-8EFD-4DD0-BB0E-715A63C75316}.Debug|Any CPU.Build.0 = Debug|Any CPU
		{BFEA1087-8EFD-4DD0-BB0E-715A63C75316}.Release|Any CPU.ActiveCfg = Release|Any CPU
		{BFEA1087-8EFD-4DD0-BB0E-715A63C75316}.Release|Any CPU.Build.0 = Release|Any CPU
		{5D4BF852-D3DF-4484-8E69-887F36C3B272}.Debug|Any CPU.ActiveCfg = Debug|Any CPU
		{5D4BF852-D3DF-4484-8E69-887F36C3B272}.Debug|Any CPU.Build.0 = Debug|Any CPU
		{5D4BF852-D3DF-4484-8E69-887F36C3B272}.Release|Any CPU.ActiveCfg = Release|Any CPU
		{5D4BF852-D3DF-4484-8E69-887F36C3B272}.Release|Any CPU.Build.0 = Release|Any CPU
		{84E60C30-933F-4555-A749-5BA91EF156FD}.Debug|Any CPU.ActiveCfg = Debug|Any CPU
		{84E60C30-933F-4555-A749-5BA91EF156FD}.Debug|Any CPU.Build.0 = Debug|Any CPU
		{84E60C30-933F-4555-A749-5BA91EF156FD}.Release|Any CPU.ActiveCfg = Release|Any CPU
		{84E60C30-933F-4555-A749-5BA91EF156FD}.Release|Any CPU.Build.0 = Release|Any CPU
		{0B7A81DE-38E4-4097-B5C0-872E80424CBB}.Debug|Any CPU.ActiveCfg = Debug|Any CPU
		{0B7A81DE-38E4-4097-B5C0-872E80424CBB}.Debug|Any CPU.Build.0 = Debug|Any CPU
		{0B7A81DE-38E4-4097-B5C0-872E80424CBB}.Release|Any CPU.ActiveCfg = Release|Any CPU
		{0B7A81DE-38E4-4097-B5C0-872E80424CBB}.Release|Any CPU.Build.0 = Release|Any CPU
		{FB10ACBC-420A-4CEA-A8C7-CFF254B4B154}.Debug|Any CPU.ActiveCfg = Debug|Any CPU
		{FB10ACBC-420A-4CEA-A8C7-CFF254B4B154}.Debug|Any CPU.Build.0 = Debug|Any CPU
		{FB10ACBC-420A-4CEA-A8C7-CFF254B4B154}.Release|Any CPU.ActiveCfg = Release|Any CPU
		{FB10ACBC-420A-4CEA-A8C7-CFF254B4B154}.Release|Any CPU.Build.0 = Release|Any CPU
		{4492697B-E310-457B-9101-E13A6FD0D76D}.Debug|Any CPU.ActiveCfg = Debug|Any CPU
		{4492697B-E310-457B-9101-E13A6FD0D76D}.Debug|Any CPU.Build.0 = Debug|Any CPU
		{4492697B-E310-457B-9101-E13A6FD0D76D}.Release|Any CPU.ActiveCfg = Release|Any CPU
		{4492697B-E310-457B-9101-E13A6FD0D76D}.Release|Any CPU.Build.0 = Release|Any CPU
		{4B5EC6E5-5119-4FA0-AD46-790AD5F1B9A3}.Debug|Any CPU.ActiveCfg = Debug|Any CPU
		{4B5EC6E5-5119-4FA0-AD46-790AD5F1B9A3}.Debug|Any CPU.Build.0 = Debug|Any CPU
		{4B5EC6E5-5119-4FA0-AD46-790AD5F1B9A3}.Release|Any CPU.ActiveCfg = Release|Any CPU
		{4B5EC6E5-5119-4FA0-AD46-790AD5F1B9A3}.Release|Any CPU.Build.0 = Release|Any CPU
		{72DD6FAE-AA49-4AD5-8A14-09B991C91E8E}.Debug|Any CPU.ActiveCfg = Debug|Any CPU
		{72DD6FAE-AA49-4AD5-8A14-09B991C91E8E}.Debug|Any CPU.Build.0 = Debug|Any CPU
		{72DD6FAE-AA49-4AD5-8A14-09B991C91E8E}.Release|Any CPU.ActiveCfg = Release|Any CPU
		{72DD6FAE-AA49-4AD5-8A14-09B991C91E8E}.Release|Any CPU.Build.0 = Release|Any CPU
		{96F5D986-CE0B-4155-ADDA-40A13AF05CA8}.Debug|Any CPU.ActiveCfg = Debug|Any CPU
		{96F5D986-CE0B-4155-ADDA-40A13AF05CA8}.Debug|Any CPU.Build.0 = Debug|Any CPU
		{96F5D986-CE0B-4155-ADDA-40A13AF05CA8}.Release|Any CPU.ActiveCfg = Release|Any CPU
		{96F5D986-CE0B-4155-ADDA-40A13AF05CA8}.Release|Any CPU.Build.0 = Release|Any CPU
		{5BFE92B4-1727-4534-B112-62D73A704F09}.Debug|Any CPU.ActiveCfg = Debug|Any CPU
		{5BFE92B4-1727-4534-B112-62D73A704F09}.Debug|Any CPU.Build.0 = Debug|Any CPU
		{5BFE92B4-1727-4534-B112-62D73A704F09}.Release|Any CPU.ActiveCfg = Release|Any CPU
		{5BFE92B4-1727-4534-B112-62D73A704F09}.Release|Any CPU.Build.0 = Release|Any CPU
		{276F1988-1FE6-4979-9B8B-C5066C0AE5DC}.Debug|Any CPU.ActiveCfg = Debug|Any CPU
		{276F1988-1FE6-4979-9B8B-C5066C0AE5DC}.Debug|Any CPU.Build.0 = Debug|Any CPU
		{276F1988-1FE6-4979-9B8B-C5066C0AE5DC}.Release|Any CPU.ActiveCfg = Release|Any CPU
		{276F1988-1FE6-4979-9B8B-C5066C0AE5DC}.Release|Any CPU.Build.0 = Release|Any CPU
		{C0B9BFAA-FD3C-4518-808A-E418D69B6418}.Debug|Any CPU.ActiveCfg = Debug|Any CPU
		{C0B9BFAA-FD3C-4518-808A-E418D69B6418}.Debug|Any CPU.Build.0 = Debug|Any CPU
		{C0B9BFAA-FD3C-4518-808A-E418D69B6418}.Release|Any CPU.ActiveCfg = Release|Any CPU
		{C0B9BFAA-FD3C-4518-808A-E418D69B6418}.Release|Any CPU.Build.0 = Release|Any CPU
		{BD5DC63E-24D4-46FB-AD58-4113C33E17AD}.Debug|Any CPU.ActiveCfg = Debug|Any CPU
		{BD5DC63E-24D4-46FB-AD58-4113C33E17AD}.Debug|Any CPU.Build.0 = Debug|Any CPU
		{BD5DC63E-24D4-46FB-AD58-4113C33E17AD}.Release|Any CPU.ActiveCfg = Release|Any CPU
		{BD5DC63E-24D4-46FB-AD58-4113C33E17AD}.Release|Any CPU.Build.0 = Release|Any CPU
		{AF3F86A4-3C31-4AB1-ADEE-C65059E52337}.Debug|Any CPU.ActiveCfg = Debug|Any CPU
		{AF3F86A4-3C31-4AB1-ADEE-C65059E52337}.Debug|Any CPU.Build.0 = Debug|Any CPU
		{AF3F86A4-3C31-4AB1-ADEE-C65059E52337}.Release|Any CPU.ActiveCfg = Release|Any CPU
		{AF3F86A4-3C31-4AB1-ADEE-C65059E52337}.Release|Any CPU.Build.0 = Release|Any CPU
		{2A6D3E89-6720-4D20-9695-A2907B2D565F}.Debug|Any CPU.ActiveCfg = Debug|Any CPU
		{2A6D3E89-6720-4D20-9695-A2907B2D565F}.Debug|Any CPU.Build.0 = Debug|Any CPU
		{2A6D3E89-6720-4D20-9695-A2907B2D565F}.Release|Any CPU.ActiveCfg = Release|Any CPU
		{2A6D3E89-6720-4D20-9695-A2907B2D565F}.Release|Any CPU.Build.0 = Release|Any CPU
		{48182338-2F1E-4805-B922-17265AA0F295}.Debug|Any CPU.ActiveCfg = Debug|Any CPU
		{48182338-2F1E-4805-B922-17265AA0F295}.Debug|Any CPU.Build.0 = Debug|Any CPU
		{48182338-2F1E-4805-B922-17265AA0F295}.Release|Any CPU.ActiveCfg = Release|Any CPU
		{48182338-2F1E-4805-B922-17265AA0F295}.Release|Any CPU.Build.0 = Release|Any CPU
		{136CB07E-DC75-4A3E-91CD-6BEC2A135B4D}.Debug|Any CPU.ActiveCfg = Debug|Any CPU
		{136CB07E-DC75-4A3E-91CD-6BEC2A135B4D}.Debug|Any CPU.Build.0 = Debug|Any CPU
		{136CB07E-DC75-4A3E-91CD-6BEC2A135B4D}.Release|Any CPU.ActiveCfg = Release|Any CPU
		{136CB07E-DC75-4A3E-91CD-6BEC2A135B4D}.Release|Any CPU.Build.0 = Release|Any CPU
		{0921E48A-A71E-4BAF-8E45-ED0A5B2F4BD2}.Debug|Any CPU.ActiveCfg = Debug|Any CPU
		{0921E48A-A71E-4BAF-8E45-ED0A5B2F4BD2}.Debug|Any CPU.Build.0 = Debug|Any CPU
		{0921E48A-A71E-4BAF-8E45-ED0A5B2F4BD2}.Release|Any CPU.ActiveCfg = Release|Any CPU
		{0921E48A-A71E-4BAF-8E45-ED0A5B2F4BD2}.Release|Any CPU.Build.0 = Release|Any CPU
		{7CF81F11-8E13-4BC6-8960-9EE29E4ACA78}.Debug|Any CPU.ActiveCfg = Debug|Any CPU
		{7CF81F11-8E13-4BC6-8960-9EE29E4ACA78}.Debug|Any CPU.Build.0 = Debug|Any CPU
		{7CF81F11-8E13-4BC6-8960-9EE29E4ACA78}.Release|Any CPU.ActiveCfg = Release|Any CPU
		{7CF81F11-8E13-4BC6-8960-9EE29E4ACA78}.Release|Any CPU.Build.0 = Release|Any CPU
		{0BDE8221-486A-4EDC-B33B-F814752CD0C3}.Debug|Any CPU.ActiveCfg = Debug|Any CPU
		{0BDE8221-486A-4EDC-B33B-F814752CD0C3}.Debug|Any CPU.Build.0 = Debug|Any CPU
		{0BDE8221-486A-4EDC-B33B-F814752CD0C3}.Release|Any CPU.ActiveCfg = Release|Any CPU
		{0BDE8221-486A-4EDC-B33B-F814752CD0C3}.Release|Any CPU.Build.0 = Release|Any CPU
		{8320D16E-0173-4868-B60D-94B93AD3DBA0}.Debug|Any CPU.ActiveCfg = Debug|Any CPU
		{8320D16E-0173-4868-B60D-94B93AD3DBA0}.Debug|Any CPU.Build.0 = Debug|Any CPU
		{8320D16E-0173-4868-B60D-94B93AD3DBA0}.Release|Any CPU.ActiveCfg = Release|Any CPU
		{8320D16E-0173-4868-B60D-94B93AD3DBA0}.Release|Any CPU.Build.0 = Release|Any CPU
		{1D06B650-99E2-4160-A245-4DBCCCDDEA9E}.Debug|Any CPU.ActiveCfg = Debug|Any CPU
		{1D06B650-99E2-4160-A245-4DBCCCDDEA9E}.Debug|Any CPU.Build.0 = Debug|Any CPU
		{1D06B650-99E2-4160-A245-4DBCCCDDEA9E}.Release|Any CPU.ActiveCfg = Release|Any CPU
		{1D06B650-99E2-4160-A245-4DBCCCDDEA9E}.Release|Any CPU.Build.0 = Release|Any CPU
		{68327004-CB90-4681-90BC-91FAEC025BD8}.Debug|Any CPU.ActiveCfg = Debug|Any CPU
		{68327004-CB90-4681-90BC-91FAEC025BD8}.Debug|Any CPU.Build.0 = Debug|Any CPU
		{68327004-CB90-4681-90BC-91FAEC025BD8}.Release|Any CPU.ActiveCfg = Release|Any CPU
		{68327004-CB90-4681-90BC-91FAEC025BD8}.Release|Any CPU.Build.0 = Release|Any CPU
		{73AE5862-580F-4B03-80E6-F9927570323B}.Debug|Any CPU.ActiveCfg = Debug|Any CPU
		{73AE5862-580F-4B03-80E6-F9927570323B}.Debug|Any CPU.Build.0 = Debug|Any CPU
		{73AE5862-580F-4B03-80E6-F9927570323B}.Release|Any CPU.ActiveCfg = Release|Any CPU
		{73AE5862-580F-4B03-80E6-F9927570323B}.Release|Any CPU.Build.0 = Release|Any CPU
		{8FA4D880-D0D8-4103-AE54-459D675E7683}.Debug|Any CPU.ActiveCfg = Debug|Any CPU
		{8FA4D880-D0D8-4103-AE54-459D675E7683}.Debug|Any CPU.Build.0 = Debug|Any CPU
		{8FA4D880-D0D8-4103-AE54-459D675E7683}.Release|Any CPU.ActiveCfg = Release|Any CPU
		{8FA4D880-D0D8-4103-AE54-459D675E7683}.Release|Any CPU.Build.0 = Release|Any CPU
		{56A53258-CE67-467F-8A18-02BF95660F47}.Debug|Any CPU.ActiveCfg = Debug|Any CPU
		{56A53258-CE67-467F-8A18-02BF95660F47}.Debug|Any CPU.Build.0 = Debug|Any CPU
		{56A53258-CE67-467F-8A18-02BF95660F47}.Release|Any CPU.ActiveCfg = Release|Any CPU
		{56A53258-CE67-467F-8A18-02BF95660F47}.Release|Any CPU.Build.0 = Release|Any CPU
		{126E5E5A-E757-438B-A9BA-CED7CF12117C}.Debug|Any CPU.ActiveCfg = Debug|Any CPU
		{126E5E5A-E757-438B-A9BA-CED7CF12117C}.Debug|Any CPU.Build.0 = Debug|Any CPU
		{126E5E5A-E757-438B-A9BA-CED7CF12117C}.Release|Any CPU.ActiveCfg = Release|Any CPU
		{126E5E5A-E757-438B-A9BA-CED7CF12117C}.Release|Any CPU.Build.0 = Release|Any CPU
		{34323593-81FF-4E42-BF28-827ADC99D090}.Debug|Any CPU.ActiveCfg = Debug|Any CPU
		{34323593-81FF-4E42-BF28-827ADC99D090}.Debug|Any CPU.Build.0 = Debug|Any CPU
		{34323593-81FF-4E42-BF28-827ADC99D090}.Release|Any CPU.ActiveCfg = Release|Any CPU
		{34323593-81FF-4E42-BF28-827ADC99D090}.Release|Any CPU.Build.0 = Release|Any CPU
		{5BEF6228-4AB5-4D4D-8647-19C8B4EEA69D}.Debug|Any CPU.ActiveCfg = Debug|Any CPU
		{5BEF6228-4AB5-4D4D-8647-19C8B4EEA69D}.Debug|Any CPU.Build.0 = Debug|Any CPU
		{5BEF6228-4AB5-4D4D-8647-19C8B4EEA69D}.Release|Any CPU.ActiveCfg = Release|Any CPU
		{5BEF6228-4AB5-4D4D-8647-19C8B4EEA69D}.Release|Any CPU.Build.0 = Release|Any CPU
		{4378D09C-3C1F-4C85-AE5E-ACA02FB5F35E}.Debug|Any CPU.ActiveCfg = Debug|Any CPU
		{4378D09C-3C1F-4C85-AE5E-ACA02FB5F35E}.Debug|Any CPU.Build.0 = Debug|Any CPU
		{4378D09C-3C1F-4C85-AE5E-ACA02FB5F35E}.Release|Any CPU.ActiveCfg = Release|Any CPU
		{4378D09C-3C1F-4C85-AE5E-ACA02FB5F35E}.Release|Any CPU.Build.0 = Release|Any CPU
		{3DE5203D-B3DE-4EB6-BFD8-443EE3500143}.Debug|Any CPU.ActiveCfg = Debug|Any CPU
		{3DE5203D-B3DE-4EB6-BFD8-443EE3500143}.Debug|Any CPU.Build.0 = Debug|Any CPU
		{3DE5203D-B3DE-4EB6-BFD8-443EE3500143}.Release|Any CPU.ActiveCfg = Release|Any CPU
		{3DE5203D-B3DE-4EB6-BFD8-443EE3500143}.Release|Any CPU.Build.0 = Release|Any CPU
		{BEE27C21-706C-4E6B-B5EE-1354B507A78F}.Debug|Any CPU.ActiveCfg = Debug|Any CPU
		{BEE27C21-706C-4E6B-B5EE-1354B507A78F}.Debug|Any CPU.Build.0 = Debug|Any CPU
		{BEE27C21-706C-4E6B-B5EE-1354B507A78F}.Release|Any CPU.ActiveCfg = Release|Any CPU
		{BEE27C21-706C-4E6B-B5EE-1354B507A78F}.Release|Any CPU.Build.0 = Release|Any CPU
		{AC55FE17-E6A1-4234-9362-58140D4C1E28}.Debug|Any CPU.ActiveCfg = Debug|Any CPU
		{AC55FE17-E6A1-4234-9362-58140D4C1E28}.Debug|Any CPU.Build.0 = Debug|Any CPU
		{AC55FE17-E6A1-4234-9362-58140D4C1E28}.Release|Any CPU.ActiveCfg = Release|Any CPU
		{AC55FE17-E6A1-4234-9362-58140D4C1E28}.Release|Any CPU.Build.0 = Release|Any CPU
		{7745E389-3A26-4142-A747-AF955F741B76}.Debug|Any CPU.ActiveCfg = Debug|Any CPU
		{7745E389-3A26-4142-A747-AF955F741B76}.Debug|Any CPU.Build.0 = Debug|Any CPU
		{7745E389-3A26-4142-A747-AF955F741B76}.Release|Any CPU.ActiveCfg = Release|Any CPU
		{7745E389-3A26-4142-A747-AF955F741B76}.Release|Any CPU.Build.0 = Release|Any CPU
		{CDC00E12-6523-48D2-8BAE-9D12093B5814}.Debug|Any CPU.ActiveCfg = Debug|Any CPU
		{CDC00E12-6523-48D2-8BAE-9D12093B5814}.Debug|Any CPU.Build.0 = Debug|Any CPU
		{CDC00E12-6523-48D2-8BAE-9D12093B5814}.Release|Any CPU.ActiveCfg = Release|Any CPU
		{CDC00E12-6523-48D2-8BAE-9D12093B5814}.Release|Any CPU.Build.0 = Release|Any CPU
		{15488B72-544E-4553-A6B8-442ECF01DDB7}.Debug|Any CPU.ActiveCfg = Debug|Any CPU
		{15488B72-544E-4553-A6B8-442ECF01DDB7}.Debug|Any CPU.Build.0 = Debug|Any CPU
		{15488B72-544E-4553-A6B8-442ECF01DDB7}.Release|Any CPU.ActiveCfg = Release|Any CPU
		{15488B72-544E-4553-A6B8-442ECF01DDB7}.Release|Any CPU.Build.0 = Release|Any CPU
		{86E7EFBE-B58F-46B1-861D-E545E567437F}.Debug|Any CPU.ActiveCfg = Debug|Any CPU
		{86E7EFBE-B58F-46B1-861D-E545E567437F}.Debug|Any CPU.Build.0 = Debug|Any CPU
		{86E7EFBE-B58F-46B1-861D-E545E567437F}.Release|Any CPU.ActiveCfg = Release|Any CPU
		{86E7EFBE-B58F-46B1-861D-E545E567437F}.Release|Any CPU.Build.0 = Release|Any CPU
		{ECEAE55D-945E-4661-A8E3-919F83402D2C}.Debug|Any CPU.ActiveCfg = Debug|Any CPU
		{ECEAE55D-945E-4661-A8E3-919F83402D2C}.Debug|Any CPU.Build.0 = Debug|Any CPU
		{ECEAE55D-945E-4661-A8E3-919F83402D2C}.Release|Any CPU.ActiveCfg = Release|Any CPU
		{ECEAE55D-945E-4661-A8E3-919F83402D2C}.Release|Any CPU.Build.0 = Release|Any CPU
		{5475F688-74A5-41E7-9A4E-B526D80903E3}.Debug|Any CPU.ActiveCfg = Debug|Any CPU
		{5475F688-74A5-41E7-9A4E-B526D80903E3}.Debug|Any CPU.Build.0 = Debug|Any CPU
		{5475F688-74A5-41E7-9A4E-B526D80903E3}.Release|Any CPU.ActiveCfg = Release|Any CPU
		{5475F688-74A5-41E7-9A4E-B526D80903E3}.Release|Any CPU.Build.0 = Release|Any CPU
		{68C76283-1020-40CE-8C76-B249E05A7391}.Debug|Any CPU.ActiveCfg = Debug|Any CPU
		{68C76283-1020-40CE-8C76-B249E05A7391}.Debug|Any CPU.Build.0 = Debug|Any CPU
		{68C76283-1020-40CE-8C76-B249E05A7391}.Release|Any CPU.ActiveCfg = Release|Any CPU
		{68C76283-1020-40CE-8C76-B249E05A7391}.Release|Any CPU.Build.0 = Release|Any CPU
		{00A05CD1-7BBD-4139-8921-B39EA315EB44}.Debug|Any CPU.ActiveCfg = Debug|Any CPU
		{00A05CD1-7BBD-4139-8921-B39EA315EB44}.Debug|Any CPU.Build.0 = Debug|Any CPU
		{00A05CD1-7BBD-4139-8921-B39EA315EB44}.Release|Any CPU.ActiveCfg = Release|Any CPU
		{00A05CD1-7BBD-4139-8921-B39EA315EB44}.Release|Any CPU.Build.0 = Release|Any CPU
		{59EBD840-5E43-4400-AAAC-C8F3F16ADA75}.Debug|Any CPU.ActiveCfg = Debug|Any CPU
		{59EBD840-5E43-4400-AAAC-C8F3F16ADA75}.Debug|Any CPU.Build.0 = Debug|Any CPU
		{59EBD840-5E43-4400-AAAC-C8F3F16ADA75}.Release|Any CPU.ActiveCfg = Release|Any CPU
		{59EBD840-5E43-4400-AAAC-C8F3F16ADA75}.Release|Any CPU.Build.0 = Release|Any CPU
		{F19142A5-8A1F-41F6-A88E-917C1E2AA793}.Debug|Any CPU.ActiveCfg = Debug|Any CPU
		{F19142A5-8A1F-41F6-A88E-917C1E2AA793}.Debug|Any CPU.Build.0 = Debug|Any CPU
		{F19142A5-8A1F-41F6-A88E-917C1E2AA793}.Release|Any CPU.ActiveCfg = Release|Any CPU
		{F19142A5-8A1F-41F6-A88E-917C1E2AA793}.Release|Any CPU.Build.0 = Release|Any CPU
		{BDA4709D-6085-44D6-AC62-90D75C1C3E24}.Debug|Any CPU.ActiveCfg = Debug|Any CPU
		{BDA4709D-6085-44D6-AC62-90D75C1C3E24}.Debug|Any CPU.Build.0 = Debug|Any CPU
		{BDA4709D-6085-44D6-AC62-90D75C1C3E24}.Release|Any CPU.ActiveCfg = Release|Any CPU
		{BDA4709D-6085-44D6-AC62-90D75C1C3E24}.Release|Any CPU.Build.0 = Release|Any CPU
		{47B68579-AEA4-4EE5-8A21-7DE4C2E40296}.Debug|Any CPU.ActiveCfg = Debug|Any CPU
		{47B68579-AEA4-4EE5-8A21-7DE4C2E40296}.Debug|Any CPU.Build.0 = Debug|Any CPU
		{47B68579-AEA4-4EE5-8A21-7DE4C2E40296}.Release|Any CPU.ActiveCfg = Release|Any CPU
		{47B68579-AEA4-4EE5-8A21-7DE4C2E40296}.Release|Any CPU.Build.0 = Release|Any CPU
		{D25B2A7A-FC6E-4736-AB1D-4C65465E670B}.Debug|Any CPU.ActiveCfg = Debug|Any CPU
		{D25B2A7A-FC6E-4736-AB1D-4C65465E670B}.Debug|Any CPU.Build.0 = Debug|Any CPU
		{D25B2A7A-FC6E-4736-AB1D-4C65465E670B}.Release|Any CPU.ActiveCfg = Release|Any CPU
		{D25B2A7A-FC6E-4736-AB1D-4C65465E670B}.Release|Any CPU.Build.0 = Release|Any CPU
		{106ED5B3-3B2D-4358-824B-C655B0C06EF7}.Debug|Any CPU.ActiveCfg = Debug|Any CPU
		{106ED5B3-3B2D-4358-824B-C655B0C06EF7}.Debug|Any CPU.Build.0 = Debug|Any CPU
		{106ED5B3-3B2D-4358-824B-C655B0C06EF7}.Release|Any CPU.ActiveCfg = Release|Any CPU
		{106ED5B3-3B2D-4358-824B-C655B0C06EF7}.Release|Any CPU.Build.0 = Release|Any CPU
		{B434A916-2F16-4666-984F-6EBD007D3396}.Debug|Any CPU.ActiveCfg = Debug|Any CPU
		{B434A916-2F16-4666-984F-6EBD007D3396}.Debug|Any CPU.Build.0 = Debug|Any CPU
		{B434A916-2F16-4666-984F-6EBD007D3396}.Release|Any CPU.ActiveCfg = Release|Any CPU
		{B434A916-2F16-4666-984F-6EBD007D3396}.Release|Any CPU.Build.0 = Release|Any CPU
	EndGlobalSection
	GlobalSection(SolutionProperties) = preSolution
		HideSolutionNode = FALSE
	EndGlobalSection
	GlobalSection(NestedProjects) = preSolution
		{EF6C9018-DFE4-47D2-8A23-CAE1DC117079} = {FBF92B86-3036-48FB-9C8C-7E6396AF41F2}
		{3C0801B1-0ABD-4C86-901D-88F3ACDE9DC1} = {FBF92B86-3036-48FB-9C8C-7E6396AF41F2}
		{23E32CF7-6A45-495C-BA8B-904F5A0BE34F} = {FBF92B86-3036-48FB-9C8C-7E6396AF41F2}
		{148C2D0D-EC17-4035-8D28-D5B1ABFD0161} = {FBF92B86-3036-48FB-9C8C-7E6396AF41F2}
		{3BE69CCA-A91A-4794-A6A0-4A1B00DA1C18} = {FBF92B86-3036-48FB-9C8C-7E6396AF41F2}
		{622C7247-F438-460E-9AA0-3D5408E38B4D} = {FBF92B86-3036-48FB-9C8C-7E6396AF41F2}
		{756A2DF1-DD82-4883-936B-81364E2B9BE7} = {FBF92B86-3036-48FB-9C8C-7E6396AF41F2}
		{86E19BBA-7771-479D-A965-980AD374DB6E} = {FBF92B86-3036-48FB-9C8C-7E6396AF41F2}
		{6B4FDD3D-51C3-453C-B0D8-A2B68FEDD801} = {FBF92B86-3036-48FB-9C8C-7E6396AF41F2}
		{8AEA0328-FB27-4ACA-804A-3CC4527645A3} = {FBF92B86-3036-48FB-9C8C-7E6396AF41F2}
		{62C4D906-AFFD-4878-87A1-ADEC59D3618D} = {FBF92B86-3036-48FB-9C8C-7E6396AF41F2}
		{AEC10020-2CC9-451A-B706-7C3E4B01F8DB} = {FBF92B86-3036-48FB-9C8C-7E6396AF41F2}
		{56836A49-2C67-41E5-99AF-3421564CD52B} = {FBF92B86-3036-48FB-9C8C-7E6396AF41F2}
		{BD352EE8-6B4E-44C0-920E-06EA257A5B2F} = {FBF92B86-3036-48FB-9C8C-7E6396AF41F2}
		{7BF7514E-BC73-4DF1-B70A-4837A59EF94B} = {FBF92B86-3036-48FB-9C8C-7E6396AF41F2}
		{88AAB4DC-269C-43E6-89A0-0C8BE3DA9607} = {FBF92B86-3036-48FB-9C8C-7E6396AF41F2}
		{766DC6D7-025F-4AF9-A0F4-A0D660C2EFFB} = {FBF92B86-3036-48FB-9C8C-7E6396AF41F2}
		{1D62E58C-2B50-4A89-A8B6-7E5B717403F8} = {FBF92B86-3036-48FB-9C8C-7E6396AF41F2}
		{0DD32500-263A-47B6-AC7F-BC928F1145EC} = {FBF92B86-3036-48FB-9C8C-7E6396AF41F2}
		{AEBDE2D1-EB60-402E-BBE8-229E1FCED2C3} = {FBF92B86-3036-48FB-9C8C-7E6396AF41F2}
		{2F0B9E64-5B56-4281-AE06-968263002A7E} = {FBF92B86-3036-48FB-9C8C-7E6396AF41F2}
		{ED9FA1A4-8B33-4832-99D1-FB05C89597F2} = {FBF92B86-3036-48FB-9C8C-7E6396AF41F2}
		{D30AF4E2-8C12-4B2C-8B1A-0C5110E7730B} = {FBF92B86-3036-48FB-9C8C-7E6396AF41F2}
		{EA526F22-34DF-48CD-BB18-BFDD249380FE} = {FBF92B86-3036-48FB-9C8C-7E6396AF41F2}
		{341FC6AE-38EB-41FD-A71D-122939825F7D} = {FBF92B86-3036-48FB-9C8C-7E6396AF41F2}
		{BFEA1087-8EFD-4DD0-BB0E-715A63C75316} = {FBF92B86-3036-48FB-9C8C-7E6396AF41F2}
		{5D4BF852-D3DF-4484-8E69-887F36C3B272} = {FBF92B86-3036-48FB-9C8C-7E6396AF41F2}
		{84E60C30-933F-4555-A749-5BA91EF156FD} = {FBF92B86-3036-48FB-9C8C-7E6396AF41F2}
		{0B7A81DE-38E4-4097-B5C0-872E80424CBB} = {FBF92B86-3036-48FB-9C8C-7E6396AF41F2}
		{FB10ACBC-420A-4CEA-A8C7-CFF254B4B154} = {FBF92B86-3036-48FB-9C8C-7E6396AF41F2}
		{4492697B-E310-457B-9101-E13A6FD0D76D} = {FBF92B86-3036-48FB-9C8C-7E6396AF41F2}
		{4B5EC6E5-5119-4FA0-AD46-790AD5F1B9A3} = {FBF92B86-3036-48FB-9C8C-7E6396AF41F2}
		{72DD6FAE-AA49-4AD5-8A14-09B991C91E8E} = {FBF92B86-3036-48FB-9C8C-7E6396AF41F2}
		{96F5D986-CE0B-4155-ADDA-40A13AF05CA8} = {FBF92B86-3036-48FB-9C8C-7E6396AF41F2}
		{5BFE92B4-1727-4534-B112-62D73A704F09} = {FBF92B86-3036-48FB-9C8C-7E6396AF41F2}
		{276F1988-1FE6-4979-9B8B-C5066C0AE5DC} = {FBF92B86-3036-48FB-9C8C-7E6396AF41F2}
		{C0B9BFAA-FD3C-4518-808A-E418D69B6418} = {FBF92B86-3036-48FB-9C8C-7E6396AF41F2}
		{BD5DC63E-24D4-46FB-AD58-4113C33E17AD} = {FBF92B86-3036-48FB-9C8C-7E6396AF41F2}
		{AF3F86A4-3C31-4AB1-ADEE-C65059E52337} = {FBF92B86-3036-48FB-9C8C-7E6396AF41F2}
		{2A6D3E89-6720-4D20-9695-A2907B2D565F} = {FBF92B86-3036-48FB-9C8C-7E6396AF41F2}
		{48182338-2F1E-4805-B922-17265AA0F295} = {FBF92B86-3036-48FB-9C8C-7E6396AF41F2}
		{136CB07E-DC75-4A3E-91CD-6BEC2A135B4D} = {FBF92B86-3036-48FB-9C8C-7E6396AF41F2}
		{0921E48A-A71E-4BAF-8E45-ED0A5B2F4BD2} = {FBF92B86-3036-48FB-9C8C-7E6396AF41F2}
		{7CF81F11-8E13-4BC6-8960-9EE29E4ACA78} = {FBF92B86-3036-48FB-9C8C-7E6396AF41F2}
		{0BDE8221-486A-4EDC-B33B-F814752CD0C3} = {FBF92B86-3036-48FB-9C8C-7E6396AF41F2}
		{8320D16E-0173-4868-B60D-94B93AD3DBA0} = {FBF92B86-3036-48FB-9C8C-7E6396AF41F2}
		{1D06B650-99E2-4160-A245-4DBCCCDDEA9E} = {FBF92B86-3036-48FB-9C8C-7E6396AF41F2}
		{68327004-CB90-4681-90BC-91FAEC025BD8} = {FBF92B86-3036-48FB-9C8C-7E6396AF41F2}
		{0479060C-B9BE-4320-89BC-7F14A1B5AB73} = {FBF92B86-3036-48FB-9C8C-7E6396AF41F2}
		{73AE5862-580F-4B03-80E6-F9927570323B} = {0479060C-B9BE-4320-89BC-7F14A1B5AB73}
		{8FA4D880-D0D8-4103-AE54-459D675E7683} = {0479060C-B9BE-4320-89BC-7F14A1B5AB73}
		{56A53258-CE67-467F-8A18-02BF95660F47} = {0479060C-B9BE-4320-89BC-7F14A1B5AB73}
		{126E5E5A-E757-438B-A9BA-CED7CF12117C} = {0479060C-B9BE-4320-89BC-7F14A1B5AB73}
		{34323593-81FF-4E42-BF28-827ADC99D090} = {0479060C-B9BE-4320-89BC-7F14A1B5AB73}
		{5BEF6228-4AB5-4D4D-8647-19C8B4EEA69D} = {0479060C-B9BE-4320-89BC-7F14A1B5AB73}
		{4378D09C-3C1F-4C85-AE5E-ACA02FB5F35E} = {0479060C-B9BE-4320-89BC-7F14A1B5AB73}
		{3DE5203D-B3DE-4EB6-BFD8-443EE3500143} = {0479060C-B9BE-4320-89BC-7F14A1B5AB73}
		{BEE27C21-706C-4E6B-B5EE-1354B507A78F} = {0479060C-B9BE-4320-89BC-7F14A1B5AB73}
		{AC55FE17-E6A1-4234-9362-58140D4C1E28} = {0479060C-B9BE-4320-89BC-7F14A1B5AB73}
		{7745E389-3A26-4142-A747-AF955F741B76} = {0479060C-B9BE-4320-89BC-7F14A1B5AB73}
		{CDC00E12-6523-48D2-8BAE-9D12093B5814} = {0479060C-B9BE-4320-89BC-7F14A1B5AB73}
		{15488B72-544E-4553-A6B8-442ECF01DDB7} = {0479060C-B9BE-4320-89BC-7F14A1B5AB73}
		{86E7EFBE-B58F-46B1-861D-E545E567437F} = {0479060C-B9BE-4320-89BC-7F14A1B5AB73}
		{ECEAE55D-945E-4661-A8E3-919F83402D2C} = {0479060C-B9BE-4320-89BC-7F14A1B5AB73}
		{5475F688-74A5-41E7-9A4E-B526D80903E3} = {0479060C-B9BE-4320-89BC-7F14A1B5AB73}
		{68C76283-1020-40CE-8C76-B249E05A7391} = {0479060C-B9BE-4320-89BC-7F14A1B5AB73}
		{00A05CD1-7BBD-4139-8921-B39EA315EB44} = {0479060C-B9BE-4320-89BC-7F14A1B5AB73}
		{59EBD840-5E43-4400-AAAC-C8F3F16ADA75} = {0479060C-B9BE-4320-89BC-7F14A1B5AB73}
		{F19142A5-8A1F-41F6-A88E-917C1E2AA793} = {0479060C-B9BE-4320-89BC-7F14A1B5AB73}
		{BDA4709D-6085-44D6-AC62-90D75C1C3E24} = {0479060C-B9BE-4320-89BC-7F14A1B5AB73}
		{47B68579-AEA4-4EE5-8A21-7DE4C2E40296} = {0479060C-B9BE-4320-89BC-7F14A1B5AB73}
		{B29F7502-876E-47F9-88DC-A56881E8EAAA} = {0479060C-B9BE-4320-89BC-7F14A1B5AB73}
		{D25B2A7A-FC6E-4736-AB1D-4C65465E670B} = {B29F7502-876E-47F9-88DC-A56881E8EAAA}
		{106ED5B3-3B2D-4358-824B-C655B0C06EF7} = {6929DDA5-7C7E-4422-AC71-4BD233CC2DC2}
		{B434A916-2F16-4666-984F-6EBD007D3396} = {6929DDA5-7C7E-4422-AC71-4BD233CC2DC2}
	EndGlobalSection
	GlobalSection(ExtensibilityGlobals) = postSolution
		SolutionGuid = {0B08EBDC-6F98-472A-91F7-8256081247E8}
	EndGlobalSection
EndGlobal
